
Microsoft Visual Studio Solution File, Format Version 12.00
# Visual Studio 15
VisualStudioVersion = 15.0.26124.0
MinimumVisualStudioVersion = 15.0.26124.0
Project("{2150E333-8FDC-42A3-9474-1A3956D46DE8}") = "src", "src", "{8C824F15-CCF2-4543-8C82-5ACEA4ADAC5E}"
EndProject
Project("{FAE04EC0-301F-11D3-BF4B-00C04F79EFBC}") = "AntiPattern", "src\AntiPattern\AntiPattern.csproj", "{B5C84CCD-9C5C-42E0-A52B-BC469468FED9}"
EndProject
Project("{FAE04EC0-301F-11D3-BF4B-00C04F79EFBC}") = "Patterns", "src\Patterns\Patterns.csproj", "{1B2D1F49-92C1-4BDA-A709-D5A581952DD9}"
EndProject
Global
	GlobalSection(SolutionConfigurationPlatforms) = preSolution
		Debug|Any CPU = Debug|Any CPU
		Debug|x64 = Debug|x64
		Debug|x86 = Debug|x86
		Release|Any CPU = Release|Any CPU
		Release|x64 = Release|x64
		Release|x86 = Release|x86
	EndGlobalSection
	GlobalSection(SolutionProperties) = preSolution
		HideSolutionNode = FALSE
	EndGlobalSection
	GlobalSection(ProjectConfigurationPlatforms) = postSolution
		{B5C84CCD-9C5C-42E0-A52B-BC469468FED9}.Debug|Any CPU.ActiveCfg = Debug|Any CPU
		{B5C84CCD-9C5C-42E0-A52B-BC469468FED9}.Debug|Any CPU.Build.0 = Debug|Any CPU
		{B5C84CCD-9C5C-42E0-A52B-BC469468FED9}.Debug|x64.ActiveCfg = Debug|Any CPU
		{B5C84CCD-9C5C-42E0-A52B-BC469468FED9}.Debug|x64.Build.0 = Debug|Any CPU
		{B5C84CCD-9C5C-42E0-A52B-BC469468FED9}.Debug|x86.ActiveCfg = Debug|Any CPU
		{B5C84CCD-9C5C-42E0-A52B-BC469468FED9}.Debug|x86.Build.0 = Debug|Any CPU
		{B5C84CCD-9C5C-42E0-A52B-BC469468FED9}.Release|Any CPU.ActiveCfg = Release|Any CPU
		{B5C84CCD-9C5C-42E0-A52B-BC469468FED9}.Release|Any CPU.Build.0 = Release|Any CPU
		{B5C84CCD-9C5C-42E0-A52B-BC469468FED9}.Release|x64.ActiveCfg = Release|Any CPU
		{B5C84CCD-9C5C-42E0-A52B-BC469468FED9}.Release|x64.Build.0 = Release|Any CPU
		{B5C84CCD-9C5C-42E0-A52B-BC469468FED9}.Release|x86.ActiveCfg = Release|Any CPU
		{B5C84CCD-9C5C-42E0-A52B-BC469468FED9}.Release|x86.Build.0 = Release|Any CPU
		{1B2D1F49-92C1-4BDA-A709-D5A581952DD9}.Debug|Any CPU.ActiveCfg = Debug|Any CPU
		{1B2D1F49-92C1-4BDA-A709-D5A581952DD9}.Debug|Any CPU.Build.0 = Debug|Any CPU
		{1B2D1F49-92C1-4BDA-A709-D5A581952DD9}.Debug|x64.ActiveCfg = Debug|Any CPU
		{1B2D1F49-92C1-4BDA-A709-D5A581952DD9}.Debug|x64.Build.0 = Debug|Any CPU
		{1B2D1F49-92C1-4BDA-A709-D5A581952DD9}.Debug|x86.ActiveCfg = Debug|Any CPU
		{1B2D1F49-92C1-4BDA-A709-D5A581952DD9}.Debug|x86.Build.0 = Debug|Any CPU
		{1B2D1F49-92C1-4BDA-A709-D5A581952DD9}.Release|Any CPU.ActiveCfg = Release|Any CPU
		{1B2D1F49-92C1-4BDA-A709-D5A581952DD9}.Release|Any CPU.Build.0 = Release|Any CPU
		{1B2D1F49-92C1-4BDA-A709-D5A581952DD9}.Release|x64.ActiveCfg = Release|Any CPU
		{1B2D1F49-92C1-4BDA-A709-D5A581952DD9}.Release|x64.Build.0 = Release|Any CPU
		{1B2D1F49-92C1-4BDA-A709-D5A581952DD9}.Release|x86.ActiveCfg = Release|Any CPU
		{1B2D1F49-92C1-4BDA-A709-D5A581952DD9}.Release|x86.Build.0 = Release|Any CPU
	EndGlobalSection
	GlobalSection(NestedProjects) = preSolution
		{B5C84CCD-9C5C-42E0-A52B-BC469468FED9} = {8C824F15-CCF2-4543-8C82-5ACEA4ADAC5E}
		{1B2D1F49-92C1-4BDA-A709-D5A581952DD9} = {8C824F15-CCF2-4543-8C82-5ACEA4ADAC5E}
	EndGlobalSection
EndGlobal
